// !$*UTF8*$!
{
	archiveVersion = 1;
	classes = {
	};
	objectVersion = 56;
	objects = {

/* Begin PBXBuildFile section */
		8AA3691829D54A9C00B7A7B7 /* LeagueApp.swift in Sources */ = {isa = PBXBuildFile; fileRef = 8AA3691729D54A9C00B7A7B7 /* LeagueApp.swift */; };
		8AA3691A29D54A9C00B7A7B7 /* ContentView.swift in Sources */ = {isa = PBXBuildFile; fileRef = 8AA3691929D54A9C00B7A7B7 /* ContentView.swift */; };
		8AA3691C29D54A9D00B7A7B7 /* Assets.xcassets in Resources */ = {isa = PBXBuildFile; fileRef = 8AA3691B29D54A9D00B7A7B7 /* Assets.xcassets */; };
		8AA3691F29D54A9D00B7A7B7 /* Preview Assets.xcassets in Resources */ = {isa = PBXBuildFile; fileRef = 8AA3691E29D54A9D00B7A7B7 /* Preview Assets.xcassets */; };
		8AA3695A29D8833D00B7A7B7 /* MatchCell.swift in Sources */ = {isa = PBXBuildFile; fileRef = 8AA3695929D8833D00B7A7B7 /* MatchCell.swift */; };
		8AA3695D29D8894A00B7A7B7 /* NetworkManager.swift in Sources */ = {isa = PBXBuildFile; fileRef = 8AA3695C29D8894A00B7A7B7 /* NetworkManager.swift */; };
		8AA3695F29D88A8D00B7A7B7 /* APIError.swift in Sources */ = {isa = PBXBuildFile; fileRef = 8AA3695E29D88A8D00B7A7B7 /* APIError.swift */; };
		8AA3696129D88C4800B7A7B7 /* MatchesDataModel.swift in Sources */ = {isa = PBXBuildFile; fileRef = 8AA3696029D88C4800B7A7B7 /* MatchesDataModel.swift */; };
		8AA3696429D8CC2600B7A7B7 /* Moya in Frameworks */ = {isa = PBXBuildFile; productRef = 8AA3696329D8CC2600B7A7B7 /* Moya */; };
		8AA3696729D8CFF200B7A7B7 /* MatchesViewModel.swift in Sources */ = {isa = PBXBuildFile; fileRef = 8AA3696629D8CFF200B7A7B7 /* MatchesViewModel.swift */; };
		8AA3696929D8E45300B7A7B7 /* HomeMatchesView.swift in Sources */ = {isa = PBXBuildFile; fileRef = 8AA3696829D8E45300B7A7B7 /* HomeMatchesView.swift */; };
		8AA3697129D8E57A00B7A7B7 /* FavoritesView.swift in Sources */ = {isa = PBXBuildFile; fileRef = 8AA3696A29D8E4C400B7A7B7 /* FavoritesView.swift */; };
		8AA3697429D924CD00B7A7B7 /* Kingfisher in Frameworks */ = {isa = PBXBuildFile; productRef = 8AA3697329D924CD00B7A7B7 /* Kingfisher */; };
		8AA3697629D9266700B7A7B7 /* KingFisherImageView.swift in Sources */ = {isa = PBXBuildFile; fileRef = 8AA3697529D9266700B7A7B7 /* KingFisherImageView.swift */; };
		8AA3698529DA3E1C00B7A7B7 /* MatchesViewModelTests.swift in Sources */ = {isa = PBXBuildFile; fileRef = 8AA3698429DA3E1C00B7A7B7 /* MatchesViewModelTests.swift */; };
		8AA3698C29DA457600B7A7B7 /* MatchesMockJSON.json in Resources */ = {isa = PBXBuildFile; fileRef = 8AA3698B29DA457600B7A7B7 /* MatchesMockJSON.json */; };
		8AA3698E29DA45F000B7A7B7 /* JSONLoader.swift in Sources */ = {isa = PBXBuildFile; fileRef = 8AA3698D29DA45F000B7A7B7 /* JSONLoader.swift */; };
		8AA3699029DA463C00B7A7B7 /* MockNetworkManager.swift in Sources */ = {isa = PBXBuildFile; fileRef = 8AA3698F29DA463C00B7A7B7 /* MockNetworkManager.swift */; };
		8AA3699229DA46E500B7A7B7 /* NetworkManagerTests.swift in Sources */ = {isa = PBXBuildFile; fileRef = 8AA3699129DA46E500B7A7B7 /* NetworkManagerTests.swift */; };
		8AA369A929DB31DA00B7A7B7 /* LoadingView.swift in Sources */ = {isa = PBXBuildFile; fileRef = 8AA369A829DB31DA00B7A7B7 /* LoadingView.swift */; };
		8AA369AB29DB56AC00B7A7B7 /* DateFormatter.swift in Sources */ = {isa = PBXBuildFile; fileRef = 8AA369AA29DB56AC00B7A7B7 /* DateFormatter.swift */; };
		8AA369AD29DB88CC00B7A7B7 /* Color+Ext.swift in Sources */ = {isa = PBXBuildFile; fileRef = 8AA369AC29DB88CC00B7A7B7 /* Color+Ext.swift */; };
/* End PBXBuildFile section */

/* Begin PBXContainerItemProxy section */
		8AA3698629DA3E1C00B7A7B7 /* PBXContainerItemProxy */ = {
			isa = PBXContainerItemProxy;
			containerPortal = 8AA3690C29D54A9C00B7A7B7 /* Project object */;
			proxyType = 1;
			remoteGlobalIDString = 8AA3691329D54A9C00B7A7B7;
			remoteInfo = League;
		};
/* End PBXContainerItemProxy section */

/* Begin PBXFileReference section */
		8AA3691429D54A9C00B7A7B7 /* League.app */ = {isa = PBXFileReference; explicitFileType = wrapper.application; includeInIndex = 0; path = League.app; sourceTree = BUILT_PRODUCTS_DIR; };
		8AA3691729D54A9C00B7A7B7 /* LeagueApp.swift */ = {isa = PBXFileReference; lastKnownFileType = sourcecode.swift; path = LeagueApp.swift; sourceTree = "<group>"; };
		8AA3691929D54A9C00B7A7B7 /* ContentView.swift */ = {isa = PBXFileReference; lastKnownFileType = sourcecode.swift; path = ContentView.swift; sourceTree = "<group>"; };
		8AA3691B29D54A9D00B7A7B7 /* Assets.xcassets */ = {isa = PBXFileReference; lastKnownFileType = folder.assetcatalog; path = Assets.xcassets; sourceTree = "<group>"; };
		8AA3691E29D54A9D00B7A7B7 /* Preview Assets.xcassets */ = {isa = PBXFileReference; lastKnownFileType = folder.assetcatalog; path = "Preview Assets.xcassets"; sourceTree = "<group>"; };
		8AA3692529D5E2C600B7A7B7 /* Info.plist */ = {isa = PBXFileReference; lastKnownFileType = text.plist; path = Info.plist; sourceTree = "<group>"; };
		8AA3695929D8833D00B7A7B7 /* MatchCell.swift */ = {isa = PBXFileReference; lastKnownFileType = sourcecode.swift; path = MatchCell.swift; sourceTree = "<group>"; };
		8AA3695C29D8894A00B7A7B7 /* NetworkManager.swift */ = {isa = PBXFileReference; lastKnownFileType = sourcecode.swift; path = NetworkManager.swift; sourceTree = "<group>"; };
		8AA3695E29D88A8D00B7A7B7 /* APIError.swift */ = {isa = PBXFileReference; lastKnownFileType = sourcecode.swift; path = APIError.swift; sourceTree = "<group>"; };
		8AA3696029D88C4800B7A7B7 /* MatchesDataModel.swift */ = {isa = PBXFileReference; lastKnownFileType = sourcecode.swift; path = MatchesDataModel.swift; sourceTree = "<group>"; };
		8AA3696629D8CFF200B7A7B7 /* MatchesViewModel.swift */ = {isa = PBXFileReference; lastKnownFileType = sourcecode.swift; path = MatchesViewModel.swift; sourceTree = "<group>"; };
		8AA3696829D8E45300B7A7B7 /* HomeMatchesView.swift */ = {isa = PBXFileReference; lastKnownFileType = sourcecode.swift; path = HomeMatchesView.swift; sourceTree = "<group>"; };
		8AA3696A29D8E4C400B7A7B7 /* FavoritesView.swift */ = {isa = PBXFileReference; lastKnownFileType = sourcecode.swift; path = FavoritesView.swift; sourceTree = "<group>"; };
		8AA3697529D9266700B7A7B7 /* KingFisherImageView.swift */ = {isa = PBXFileReference; lastKnownFileType = sourcecode.swift; path = KingFisherImageView.swift; sourceTree = "<group>"; };
		8AA3698229DA3E1C00B7A7B7 /* LeagueTests.xctest */ = {isa = PBXFileReference; explicitFileType = wrapper.cfbundle; includeInIndex = 0; path = LeagueTests.xctest; sourceTree = BUILT_PRODUCTS_DIR; };
		8AA3698429DA3E1C00B7A7B7 /* MatchesViewModelTests.swift */ = {isa = PBXFileReference; lastKnownFileType = sourcecode.swift; path = MatchesViewModelTests.swift; sourceTree = "<group>"; };
		8AA3698B29DA457600B7A7B7 /* MatchesMockJSON.json */ = {isa = PBXFileReference; lastKnownFileType = text.json; path = MatchesMockJSON.json; sourceTree = "<group>"; };
		8AA3698D29DA45F000B7A7B7 /* JSONLoader.swift */ = {isa = PBXFileReference; lastKnownFileType = sourcecode.swift; path = JSONLoader.swift; sourceTree = "<group>"; };
		8AA3698F29DA463C00B7A7B7 /* MockNetworkManager.swift */ = {isa = PBXFileReference; lastKnownFileType = sourcecode.swift; path = MockNetworkManager.swift; sourceTree = "<group>"; };
		8AA3699129DA46E500B7A7B7 /* NetworkManagerTests.swift */ = {isa = PBXFileReference; lastKnownFileType = sourcecode.swift; path = NetworkManagerTests.swift; sourceTree = "<group>"; };
		8AA369A829DB31DA00B7A7B7 /* LoadingView.swift */ = {isa = PBXFileReference; lastKnownFileType = sourcecode.swift; path = LoadingView.swift; sourceTree = "<group>"; };
		8AA369AA29DB56AC00B7A7B7 /* DateFormatter.swift */ = {isa = PBXFileReference; lastKnownFileType = sourcecode.swift; path = DateFormatter.swift; sourceTree = "<group>"; };
		8AA369AC29DB88CC00B7A7B7 /* Color+Ext.swift */ = {isa = PBXFileReference; lastKnownFileType = sourcecode.swift; path = "Color+Ext.swift"; sourceTree = "<group>"; };
/* End PBXFileReference section */

/* Begin PBXFrameworksBuildPhase section */
		8AA3691129D54A9C00B7A7B7 /* Frameworks */ = {
			isa = PBXFrameworksBuildPhase;
			buildActionMask = 2147483647;
			files = (
				8AA3697429D924CD00B7A7B7 /* Kingfisher in Frameworks */,
				8AA3696429D8CC2600B7A7B7 /* Moya in Frameworks */,
			);
			runOnlyForDeploymentPostprocessing = 0;
		};
		8AA3697F29DA3E1C00B7A7B7 /* Frameworks */ = {
			isa = PBXFrameworksBuildPhase;
			buildActionMask = 2147483647;
			files = (
			);
			runOnlyForDeploymentPostprocessing = 0;
		};
/* End PBXFrameworksBuildPhase section */

/* Begin PBXGroup section */
		8AA3690B29D54A9C00B7A7B7 = {
			isa = PBXGroup;
			children = (
				8AA3691629D54A9C00B7A7B7 /* League */,
				8AA3698329DA3E1C00B7A7B7 /* LeagueTests */,
				8AA3691529D54A9C00B7A7B7 /* Products */,
			);
			sourceTree = "<group>";
		};
		8AA3691529D54A9C00B7A7B7 /* Products */ = {
			isa = PBXGroup;
			children = (
				8AA3691429D54A9C00B7A7B7 /* League.app */,
				8AA3698229DA3E1C00B7A7B7 /* LeagueTests.xctest */,
			);
			name = Products;
			sourceTree = "<group>";
		};
		8AA3691629D54A9C00B7A7B7 /* League */ = {
			isa = PBXGroup;
			children = (
				8AA3692529D5E2C600B7A7B7 /* Info.plist */,
				8AA3691729D54A9C00B7A7B7 /* LeagueApp.swift */,
				8AA3696E29D8E52700B7A7B7 /* TabView */,
				8AA369A729DABC6400B7A7B7 /* Helpers + Extensions */,
				8AA3696529D8CD7000B7A7B7 /* Network */,
				8AA3691B29D54A9D00B7A7B7 /* Assets.xcassets */,
				8AA3691D29D54A9D00B7A7B7 /* Preview Content */,
			);
			path = League;
			sourceTree = "<group>";
		};
		8AA3691D29D54A9D00B7A7B7 /* Preview Content */ = {
			isa = PBXGroup;
			children = (
				8AA3691E29D54A9D00B7A7B7 /* Preview Assets.xcassets */,
			);
			path = "Preview Content";
			sourceTree = "<group>";
		};
		8AA3696529D8CD7000B7A7B7 /* Network */ = {
			isa = PBXGroup;
			children = (
				8AA3695C29D8894A00B7A7B7 /* NetworkManager.swift */,
				8AA3696029D88C4800B7A7B7 /* MatchesDataModel.swift */,
				8AA3695E29D88A8D00B7A7B7 /* APIError.swift */,
				8AA3698D29DA45F000B7A7B7 /* JSONLoader.swift */,
			);
			path = Network;
			sourceTree = "<group>";
		};
		8AA3696E29D8E52700B7A7B7 /* TabView */ = {
			isa = PBXGroup;
			children = (
				8AA3691929D54A9C00B7A7B7 /* ContentView.swift */,
				8AA3696F29D8E53A00B7A7B7 /* Home First Tab */,
				8AA3697029D8E55100B7A7B7 /* Favorites Second Tab */,
			);
			path = TabView;
			sourceTree = "<group>";
		};
		8AA3696F29D8E53A00B7A7B7 /* Home First Tab */ = {
			isa = PBXGroup;
			children = (
				8AA3696829D8E45300B7A7B7 /* HomeMatchesView.swift */,
				8AA3695929D8833D00B7A7B7 /* MatchCell.swift */,
				8AA3696629D8CFF200B7A7B7 /* MatchesViewModel.swift */,
			);
			path = "Home First Tab";
			sourceTree = "<group>";
		};
		8AA3697029D8E55100B7A7B7 /* Favorites Second Tab */ = {
			isa = PBXGroup;
			children = (
				8AA3696A29D8E4C400B7A7B7 /* FavoritesView.swift */,
			);
			path = "Favorites Second Tab";
			sourceTree = "<group>";
		};
		8AA3698329DA3E1C00B7A7B7 /* LeagueTests */ = {
			isa = PBXGroup;
			children = (
				8AA3698B29DA457600B7A7B7 /* MatchesMockJSON.json */,
				8AA3698F29DA463C00B7A7B7 /* MockNetworkManager.swift */,
				8AA3698429DA3E1C00B7A7B7 /* MatchesViewModelTests.swift */,
				8AA3699129DA46E500B7A7B7 /* NetworkManagerTests.swift */,
			);
			path = LeagueTests;
			sourceTree = "<group>";
		};
		8AA369A729DABC6400B7A7B7 /* Helpers + Extensions */ = {
			isa = PBXGroup;
			children = (
				8AA3697529D9266700B7A7B7 /* KingFisherImageView.swift */,
				8AA369A829DB31DA00B7A7B7 /* LoadingView.swift */,
				8AA369AA29DB56AC00B7A7B7 /* DateFormatter.swift */,
				8AA369AC29DB88CC00B7A7B7 /* Color+Ext.swift */,
			);
			path = "Helpers + Extensions";
			sourceTree = "<group>";
		};
/* End PBXGroup section */

/* Begin PBXNativeTarget section */
		8AA3691329D54A9C00B7A7B7 /* League */ = {
			isa = PBXNativeTarget;
			buildConfigurationList = 8AA3692229D54A9D00B7A7B7 /* Build configuration list for PBXNativeTarget "League" */;
			buildPhases = (
				8AA3691029D54A9C00B7A7B7 /* Sources */,
				8AA3691129D54A9C00B7A7B7 /* Frameworks */,
				8AA3691229D54A9C00B7A7B7 /* Resources */,
			);
			buildRules = (
			);
			dependencies = (
			);
			name = League;
			packageProductDependencies = (
				8AA3696329D8CC2600B7A7B7 /* Moya */,
				8AA3697329D924CD00B7A7B7 /* Kingfisher */,
			);
			productName = League;
			productReference = 8AA3691429D54A9C00B7A7B7 /* League.app */;
			productType = "com.apple.product-type.application";
		};
		8AA3698129DA3E1C00B7A7B7 /* LeagueTests */ = {
			isa = PBXNativeTarget;
			buildConfigurationList = 8AA3698829DA3E1C00B7A7B7 /* Build configuration list for PBXNativeTarget "LeagueTests" */;
			buildPhases = (
				8AA3697E29DA3E1C00B7A7B7 /* Sources */,
				8AA3697F29DA3E1C00B7A7B7 /* Frameworks */,
				8AA3698029DA3E1C00B7A7B7 /* Resources */,
			);
			buildRules = (
			);
			dependencies = (
				8AA3698729DA3E1C00B7A7B7 /* PBXTargetDependency */,
			);
			name = LeagueTests;
			productName = LeagueTests;
			productReference = 8AA3698229DA3E1C00B7A7B7 /* LeagueTests.xctest */;
			productType = "com.apple.product-type.bundle.unit-test";
		};
/* End PBXNativeTarget section */

/* Begin PBXProject section */
		8AA3690C29D54A9C00B7A7B7 /* Project object */ = {
			isa = PBXProject;
			attributes = {
				BuildIndependentTargetsInParallel = 1;
				LastSwiftUpdateCheck = 1420;
				LastUpgradeCheck = 1420;
				TargetAttributes = {
					8AA3691329D54A9C00B7A7B7 = {
						CreatedOnToolsVersion = 14.2;
					};
					8AA3698129DA3E1C00B7A7B7 = {
						CreatedOnToolsVersion = 14.2;
						TestTargetID = 8AA3691329D54A9C00B7A7B7;
					};
				};
			};
			buildConfigurationList = 8AA3690F29D54A9C00B7A7B7 /* Build configuration list for PBXProject "League" */;
			compatibilityVersion = "Xcode 14.0";
			developmentRegion = en;
			hasScannedForEncodings = 0;
			knownRegions = (
				en,
				Base,
			);
			mainGroup = 8AA3690B29D54A9C00B7A7B7;
			packageReferences = (
				8AA3696229D8CC2600B7A7B7 /* XCRemoteSwiftPackageReference "Moya" */,
				8AA3697229D924CD00B7A7B7 /* XCRemoteSwiftPackageReference "Kingfisher" */,
			);
			productRefGroup = 8AA3691529D54A9C00B7A7B7 /* Products */;
			projectDirPath = "";
			projectRoot = "";
			targets = (
				8AA3691329D54A9C00B7A7B7 /* League */,
				8AA3698129DA3E1C00B7A7B7 /* LeagueTests */,
			);
		};
/* End PBXProject section */

/* Begin PBXResourcesBuildPhase section */
		8AA3691229D54A9C00B7A7B7 /* Resources */ = {
			isa = PBXResourcesBuildPhase;
			buildActionMask = 2147483647;
			files = (
				8AA3691F29D54A9D00B7A7B7 /* Preview Assets.xcassets in Resources */,
				8AA3691C29D54A9D00B7A7B7 /* Assets.xcassets in Resources */,
			);
			runOnlyForDeploymentPostprocessing = 0;
		};
		8AA3698029DA3E1C00B7A7B7 /* Resources */ = {
			isa = PBXResourcesBuildPhase;
			buildActionMask = 2147483647;
			files = (
				8AA3698C29DA457600B7A7B7 /* MatchesMockJSON.json in Resources */,
			);
			runOnlyForDeploymentPostprocessing = 0;
		};
/* End PBXResourcesBuildPhase section */

/* Begin PBXSourcesBuildPhase section */
		8AA3691029D54A9C00B7A7B7 /* Sources */ = {
			isa = PBXSourcesBuildPhase;
			buildActionMask = 2147483647;
			files = (
				8AA3697129D8E57A00B7A7B7 /* FavoritesView.swift in Sources */,
				8AA369AD29DB88CC00B7A7B7 /* Color+Ext.swift in Sources */,
				8AA3698E29DA45F000B7A7B7 /* JSONLoader.swift in Sources */,
				8AA3695A29D8833D00B7A7B7 /* MatchCell.swift in Sources */,
				8AA3696129D88C4800B7A7B7 /* MatchesDataModel.swift in Sources */,
				8AA369AB29DB56AC00B7A7B7 /* DateFormatter.swift in Sources */,
				8AA3696929D8E45300B7A7B7 /* HomeMatchesView.swift in Sources */,
				8AA369A929DB31DA00B7A7B7 /* LoadingView.swift in Sources */,
				8AA3696729D8CFF200B7A7B7 /* MatchesViewModel.swift in Sources */,
				8AA3691A29D54A9C00B7A7B7 /* ContentView.swift in Sources */,
				8AA3695D29D8894A00B7A7B7 /* NetworkManager.swift in Sources */,
				8AA3697629D9266700B7A7B7 /* KingFisherImageView.swift in Sources */,
				8AA3691829D54A9C00B7A7B7 /* LeagueApp.swift in Sources */,
				8AA3695F29D88A8D00B7A7B7 /* APIError.swift in Sources */,
			);
			runOnlyForDeploymentPostprocessing = 0;
		};
		8AA3697E29DA3E1C00B7A7B7 /* Sources */ = {
			isa = PBXSourcesBuildPhase;
			buildActionMask = 2147483647;
			files = (
				8AA3699229DA46E500B7A7B7 /* NetworkManagerTests.swift in Sources */,
				8AA3699029DA463C00B7A7B7 /* MockNetworkManager.swift in Sources */,
				8AA3698529DA3E1C00B7A7B7 /* MatchesViewModelTests.swift in Sources */,
			);
			runOnlyForDeploymentPostprocessing = 0;
		};
/* End PBXSourcesBuildPhase section */

/* Begin PBXTargetDependency section */
		8AA3698729DA3E1C00B7A7B7 /* PBXTargetDependency */ = {
			isa = PBXTargetDependency;
			target = 8AA3691329D54A9C00B7A7B7 /* League */;
			targetProxy = 8AA3698629DA3E1C00B7A7B7 /* PBXContainerItemProxy */;
		};
/* End PBXTargetDependency section */

/* Begin XCBuildConfiguration section */
		8AA3692029D54A9D00B7A7B7 /* Debug */ = {
			isa = XCBuildConfiguration;
			buildSettings = {
				ALWAYS_SEARCH_USER_PATHS = NO;
				CLANG_ANALYZER_NONNULL = YES;
				CLANG_ANALYZER_NUMBER_OBJECT_CONVERSION = YES_AGGRESSIVE;
				CLANG_CXX_LANGUAGE_STANDARD = "gnu++20";
				CLANG_ENABLE_MODULES = YES;
				CLANG_ENABLE_OBJC_ARC = YES;
				CLANG_ENABLE_OBJC_WEAK = YES;
				CLANG_WARN_BLOCK_CAPTURE_AUTORELEASING = YES;
				CLANG_WARN_BOOL_CONVERSION = YES;
				CLANG_WARN_COMMA = YES;
				CLANG_WARN_CONSTANT_CONVERSION = YES;
				CLANG_WARN_DEPRECATED_OBJC_IMPLEMENTATIONS = YES;
				CLANG_WARN_DIRECT_OBJC_ISA_USAGE = YES_ERROR;
				CLANG_WARN_DOCUMENTATION_COMMENTS = YES;
				CLANG_WARN_EMPTY_BODY = YES;
				CLANG_WARN_ENUM_CONVERSION = YES;
				CLANG_WARN_INFINITE_RECURSION = YES;
				CLANG_WARN_INT_CONVERSION = YES;
				CLANG_WARN_NON_LITERAL_NULL_CONVERSION = YES;
				CLANG_WARN_OBJC_IMPLICIT_RETAIN_SELF = YES;
				CLANG_WARN_OBJC_LITERAL_CONVERSION = YES;
				CLANG_WARN_OBJC_ROOT_CLASS = YES_ERROR;
				CLANG_WARN_QUOTED_INCLUDE_IN_FRAMEWORK_HEADER = YES;
				CLANG_WARN_RANGE_LOOP_ANALYSIS = YES;
				CLANG_WARN_STRICT_PROTOTYPES = YES;
				CLANG_WARN_SUSPICIOUS_MOVE = YES;
				CLANG_WARN_UNGUARDED_AVAILABILITY = YES_AGGRESSIVE;
				CLANG_WARN_UNREACHABLE_CODE = YES;
				CLANG_WARN__DUPLICATE_METHOD_MATCH = YES;
				COPY_PHASE_STRIP = NO;
				DEBUG_INFORMATION_FORMAT = dwarf;
				ENABLE_STRICT_OBJC_MSGSEND = YES;
				ENABLE_TESTABILITY = YES;
				GCC_C_LANGUAGE_STANDARD = gnu11;
				GCC_DYNAMIC_NO_PIC = NO;
				GCC_NO_COMMON_BLOCKS = YES;
				GCC_OPTIMIZATION_LEVEL = 0;
				GCC_PREPROCESSOR_DEFINITIONS = (
					"DEBUG=1",
					"$(inherited)",
				);
				GCC_WARN_64_TO_32_BIT_CONVERSION = YES;
				GCC_WARN_ABOUT_RETURN_TYPE = YES_ERROR;
				GCC_WARN_UNDECLARED_SELECTOR = YES;
				GCC_WARN_UNINITIALIZED_AUTOS = YES_AGGRESSIVE;
				GCC_WARN_UNUSED_FUNCTION = YES;
				GCC_WARN_UNUSED_VARIABLE = YES;
				IPHONEOS_DEPLOYMENT_TARGET = 16.2;
				MTL_ENABLE_DEBUG_INFO = INCLUDE_SOURCE;
				MTL_FAST_MATH = YES;
				ONLY_ACTIVE_ARCH = YES;
				SDKROOT = iphoneos;
				SWIFT_ACTIVE_COMPILATION_CONDITIONS = DEBUG;
				SWIFT_OPTIMIZATION_LEVEL = "-Onone";
			};
			name = Debug;
		};
		8AA3692129D54A9D00B7A7B7 /* Release */ = {
			isa = XCBuildConfiguration;
			buildSettings = {
				ALWAYS_SEARCH_USER_PATHS = NO;
				CLANG_ANALYZER_NONNULL = YES;
				CLANG_ANALYZER_NUMBER_OBJECT_CONVERSION = YES_AGGRESSIVE;
				CLANG_CXX_LANGUAGE_STANDARD = "gnu++20";
				CLANG_ENABLE_MODULES = YES;
				CLANG_ENABLE_OBJC_ARC = YES;
				CLANG_ENABLE_OBJC_WEAK = YES;
				CLANG_WARN_BLOCK_CAPTURE_AUTORELEASING = YES;
				CLANG_WARN_BOOL_CONVERSION = YES;
				CLANG_WARN_COMMA = YES;
				CLANG_WARN_CONSTANT_CONVERSION = YES;
				CLANG_WARN_DEPRECATED_OBJC_IMPLEMENTATIONS = YES;
				CLANG_WARN_DIRECT_OBJC_ISA_USAGE = YES_ERROR;
				CLANG_WARN_DOCUMENTATION_COMMENTS = YES;
				CLANG_WARN_EMPTY_BODY = YES;
				CLANG_WARN_ENUM_CONVERSION = YES;
				CLANG_WARN_INFINITE_RECURSION = YES;
				CLANG_WARN_INT_CONVERSION = YES;
				CLANG_WARN_NON_LITERAL_NULL_CONVERSION = YES;
				CLANG_WARN_OBJC_IMPLICIT_RETAIN_SELF = YES;
				CLANG_WARN_OBJC_LITERAL_CONVERSION = YES;
				CLANG_WARN_OBJC_ROOT_CLASS = YES_ERROR;
				CLANG_WARN_QUOTED_INCLUDE_IN_FRAMEWORK_HEADER = YES;
				CLANG_WARN_RANGE_LOOP_ANALYSIS = YES;
				CLANG_WARN_STRICT_PROTOTYPES = YES;
				CLANG_WARN_SUSPICIOUS_MOVE = YES;
				CLANG_WARN_UNGUARDED_AVAILABILITY = YES_AGGRESSIVE;
				CLANG_WARN_UNREACHABLE_CODE = YES;
				CLANG_WARN__DUPLICATE_METHOD_MATCH = YES;
				COPY_PHASE_STRIP = NO;
				DEBUG_INFORMATION_FORMAT = "dwarf-with-dsym";
				ENABLE_NS_ASSERTIONS = NO;
				ENABLE_STRICT_OBJC_MSGSEND = YES;
				GCC_C_LANGUAGE_STANDARD = gnu11;
				GCC_NO_COMMON_BLOCKS = YES;
				GCC_WARN_64_TO_32_BIT_CONVERSION = YES;
				GCC_WARN_ABOUT_RETURN_TYPE = YES_ERROR;
				GCC_WARN_UNDECLARED_SELECTOR = YES;
				GCC_WARN_UNINITIALIZED_AUTOS = YES_AGGRESSIVE;
				GCC_WARN_UNUSED_FUNCTION = YES;
				GCC_WARN_UNUSED_VARIABLE = YES;
				IPHONEOS_DEPLOYMENT_TARGET = 16.2;
				MTL_ENABLE_DEBUG_INFO = NO;
				MTL_FAST_MATH = YES;
				SDKROOT = iphoneos;
				SWIFT_COMPILATION_MODE = wholemodule;
				SWIFT_OPTIMIZATION_LEVEL = "-O";
				VALIDATE_PRODUCT = YES;
			};
			name = Release;
		};
		8AA3692329D54A9D00B7A7B7 /* Debug */ = {
			isa = XCBuildConfiguration;
			buildSettings = {
				ASSETCATALOG_COMPILER_APPICON_NAME = AppIcon;
				ASSETCATALOG_COMPILER_GLOBAL_ACCENT_COLOR_NAME = AccentColor;
				CODE_SIGN_STYLE = Automatic;
				CURRENT_PROJECT_VERSION = 1;
				DEVELOPMENT_ASSET_PATHS = "\"League/Preview Content\"";
				DEVELOPMENT_TEAM = XHKRMS9TZN;
				ENABLE_PREVIEWS = YES;
				GENERATE_INFOPLIST_FILE = YES;
				INFOPLIST_FILE = League/Info.plist;
				INFOPLIST_KEY_UIApplicationSupportsIndirectInputEvents = YES;
				INFOPLIST_KEY_UILaunchScreen_Generation = YES;
				INFOPLIST_KEY_UISupportedInterfaceOrientations_iPad = "UIInterfaceOrientationPortrait UIInterfaceOrientationPortraitUpsideDown UIInterfaceOrientationLandscapeLeft UIInterfaceOrientationLandscapeRight";
				INFOPLIST_KEY_UISupportedInterfaceOrientations_iPhone = "UIInterfaceOrientationPortrait UIInterfaceOrientationLandscapeLeft UIInterfaceOrientationLandscapeRight";
				LD_RUNPATH_SEARCH_PATHS = (
					"$(inherited)",
					"@executable_path/Frameworks",
				);
				MARKETING_VERSION = 1.0;
				PRODUCT_BUNDLE_IDENTIFIER = co.adam.League;
				PRODUCT_NAME = "$(TARGET_NAME)";
				SWIFT_EMIT_LOC_STRINGS = YES;
				SWIFT_VERSION = 5.0;
				TARGETED_DEVICE_FAMILY = "1,2";
			};
			name = Debug;
		};
		8AA3692429D54A9D00B7A7B7 /* Release */ = {
			isa = XCBuildConfiguration;
			buildSettings = {
				ASSETCATALOG_COMPILER_APPICON_NAME = AppIcon;
				ASSETCATALOG_COMPILER_GLOBAL_ACCENT_COLOR_NAME = AccentColor;
				CODE_SIGN_STYLE = Automatic;
				CURRENT_PROJECT_VERSION = 1;
				DEVELOPMENT_ASSET_PATHS = "\"League/Preview Content\"";
				DEVELOPMENT_TEAM = XHKRMS9TZN;
				ENABLE_PREVIEWS = YES;
				GENERATE_INFOPLIST_FILE = YES;
				INFOPLIST_FILE = League/Info.plist;
				INFOPLIST_KEY_UIApplicationSupportsIndirectInputEvents = YES;
				INFOPLIST_KEY_UILaunchScreen_Generation = YES;
				INFOPLIST_KEY_UISupportedInterfaceOrientations_iPad = "UIInterfaceOrientationPortrait UIInterfaceOrientationPortraitUpsideDown UIInterfaceOrientationLandscapeLeft UIInterfaceOrientationLandscapeRight";
				INFOPLIST_KEY_UISupportedInterfaceOrientations_iPhone = "UIInterfaceOrientationPortrait UIInterfaceOrientationLandscapeLeft UIInterfaceOrientationLandscapeRight";
				LD_RUNPATH_SEARCH_PATHS = (
					"$(inherited)",
					"@executable_path/Frameworks",
				);
				MARKETING_VERSION = 1.0;
				PRODUCT_BUNDLE_IDENTIFIER = co.adam.League;
				PRODUCT_NAME = "$(TARGET_NAME)";
				SWIFT_EMIT_LOC_STRINGS = YES;
				SWIFT_VERSION = 5.0;
				TARGETED_DEVICE_FAMILY = "1,2";
			};
			name = Release;
		};
		8AA3698929DA3E1C00B7A7B7 /* Debug */ = {
			isa = XCBuildConfiguration;
			buildSettings = {
				BUNDLE_LOADER = "$(TEST_HOST)";
				CODE_SIGN_STYLE = Automatic;
				CURRENT_PROJECT_VERSION = 1;
				DEVELOPMENT_TEAM = XHKRMS9TZN;
				GENERATE_INFOPLIST_FILE = YES;
				MARKETING_VERSION = 1.0;
				PRODUCT_BUNDLE_IDENTIFIER = co.adam.LeagueTests;
				PRODUCT_NAME = "$(TARGET_NAME)";
				SWIFT_EMIT_LOC_STRINGS = NO;
				SWIFT_VERSION = 5.0;
				TARGETED_DEVICE_FAMILY = "1,2";
				TEST_HOST = "$(BUILT_PRODUCTS_DIR)/League.app/$(BUNDLE_EXECUTABLE_FOLDER_PATH)/League";
			};
			name = Debug;
		};
		8AA3698A29DA3E1C00B7A7B7 /* Release */ = {
			isa = XCBuildConfiguration;
			buildSettings = {
				BUNDLE_LOADER = "$(TEST_HOST)";
				CODE_SIGN_STYLE = Automatic;
				CURRENT_PROJECT_VERSION = 1;
				DEVELOPMENT_TEAM = XHKRMS9TZN;
				GENERATE_INFOPLIST_FILE = YES;
				MARKETING_VERSION = 1.0;
				PRODUCT_BUNDLE_IDENTIFIER = co.adam.LeagueTests;
				PRODUCT_NAME = "$(TARGET_NAME)";
				SWIFT_EMIT_LOC_STRINGS = NO;
				SWIFT_VERSION = 5.0;
				TARGETED_DEVICE_FAMILY = "1,2";
				TEST_HOST = "$(BUILT_PRODUCTS_DIR)/League.app/$(BUNDLE_EXECUTABLE_FOLDER_PATH)/League";
			};
			name = Release;
		};
/* End XCBuildConfiguration section */

/* Begin XCConfigurationList section */
		8AA3690F29D54A9C00B7A7B7 /* Build configuration list for PBXProject "League" */ = {
			isa = XCConfigurationList;
			buildConfigurations = (
				8AA3692029D54A9D00B7A7B7 /* Debug */,
				8AA3692129D54A9D00B7A7B7 /* Release */,
			);
			defaultConfigurationIsVisible = 0;
			defaultConfigurationName = Release;
		};
		8AA3692229D54A9D00B7A7B7 /* Build configuration list for PBXNativeTarget "League" */ = {
			isa = XCConfigurationList;
			buildConfigurations = (
				8AA3692329D54A9D00B7A7B7 /* Debug */,
				8AA3692429D54A9D00B7A7B7 /* Release */,
			);
			defaultConfigurationIsVisible = 0;
			defaultConfigurationName = Release;
		};
		8AA3698829DA3E1C00B7A7B7 /* Build configuration list for PBXNativeTarget "LeagueTests" */ = {
			isa = XCConfigurationList;
			buildConfigurations = (
				8AA3698929DA3E1C00B7A7B7 /* Debug */,
				8AA3698A29DA3E1C00B7A7B7 /* Release */,
			);
			defaultConfigurationIsVisible = 0;
			defaultConfigurationName = Release;
		};
/* End XCConfigurationList section */

/* Begin XCRemoteSwiftPackageReference section */
		8AA3696229D8CC2600B7A7B7 /* XCRemoteSwiftPackageReference "Moya" */ = {
			isa = XCRemoteSwiftPackageReference;
			repositoryURL = "https://github.com/Moya/Moya.git";
			requirement = {
				kind = upToNextMajorVersion;
				minimumVersion = 15.0.0;
			};
		};
		8AA3697229D924CD00B7A7B7 /* XCRemoteSwiftPackageReference "Kingfisher" */ = {
			isa = XCRemoteSwiftPackageReference;
			repositoryURL = "https://github.com/onevcat/Kingfisher.git";
			requirement = {
				kind = upToNextMajorVersion;
				minimumVersion = 7.0.0;
			};
		};
/* End XCRemoteSwiftPackageReference section */

/* Begin XCSwiftPackageProductDependency section */
		8AA3696329D8CC2600B7A7B7 /* Moya */ = {
			isa = XCSwiftPackageProductDependency;
			package = 8AA3696229D8CC2600B7A7B7 /* XCRemoteSwiftPackageReference "Moya" */;
			productName = Moya;
		};
		8AA3697329D924CD00B7A7B7 /* Kingfisher */ = {
			isa = XCSwiftPackageProductDependency;
			package = 8AA3697229D924CD00B7A7B7 /* XCRemoteSwiftPackageReference "Kingfisher" */;
			productName = Kingfisher;
		};
/* End XCSwiftPackageProductDependency section */
	};
	rootObject = 8AA3690C29D54A9C00B7A7B7 /* Project object */;
}
